
Microsoft Visual Studio Solution File, Format Version 12.00
# Visual Studio Version 16
VisualStudioVersion = 16.0.29609.76
MinimumVisualStudioVersion = 10.0.40219.1
Project("{8BC9CEB8-8B4A-11D0-8D11-00A0C91BC942}") = "swap_values_by_pointer", "swap_values_by_pointer\swap_values_by_pointer.vcxproj", "{09638E94-2B2F-4DF1-84AB-E9CA17E98300}"
EndProject
Project("{8BC9CEB8-8B4A-11D0-8D11-00A0C91BC942}") = "stack_vs_heap", "stack_vs_heap\stack_vs_heap.vcxproj", "{10ACBF6B-524C-470E-80CD-53D59773F2A6}"
EndProject
Global
	GlobalSection(SolutionConfigurationPlatforms) = preSolution
		Debug|x64 = Debug|x64
		Debug|x86 = Debug|x86
		Release|x64 = Release|x64
		Release|x86 = Release|x86
	EndGlobalSection
	GlobalSection(ProjectConfigurationPlatforms) = postSolution
		{09638E94-2B2F-4DF1-84AB-E9CA17E98300}.Debug|x64.ActiveCfg = Debug|x64
		{09638E94-2B2F-4DF1-84AB-E9CA17E98300}.Debug|x64.Build.0 = Debug|x64
		{09638E94-2B2F-4DF1-84AB-E9CA17E98300}.Debug|x86.ActiveCfg = Debug|Win32
		{09638E94-2B2F-4DF1-84AB-E9CA17E98300}.Debug|x86.Build.0 = Debug|Win32
		{09638E94-2B2F-4DF1-84AB-E9CA17E98300}.Release|x64.ActiveCfg = Release|x64
		{09638E94-2B2F-4DF1-84AB-E9CA17E98300}.Release|x64.Build.0 = Release|x64
		{09638E94-2B2F-4DF1-84AB-E9CA17E98300}.Release|x86.ActiveCfg = Release|Win32
		{09638E94-2B2F-4DF1-84AB-E9CA17E98300}.Release|x86.Build.0 = Release|Win32
		{10ACBF6B-524C-470E-80CD-53D59773F2A6}.Debug|x64.ActiveCfg = Debug|x64
		{10ACBF6B-524C-470E-80CD-53D59773F2A6}.Debug|x64.Build.0 = Debug|x64
		{10ACBF6B-524C-470E-80CD-53D59773F2A6}.Debug|x86.ActiveCfg = Debug|Win32
		{10ACBF6B-524C-470E-80CD-53D59773F2A6}.Debug|x86.Build.0 = Debug|Win32
		{10ACBF6B-524C-470E-80CD-53D59773F2A6}.Release|x64.ActiveCfg = Release|x64
		{10ACBF6B-524C-470E-80CD-53D59773F2A6}.Release|x64.Build.0 = Release|x64
		{10ACBF6B-524C-470E-80CD-53D59773F2A6}.Release|x86.ActiveCfg = Release|Win32
		{10ACBF6B-524C-470E-80CD-53D59773F2A6}.Release|x86.Build.0 = Release|Win32
	EndGlobalSection
	GlobalSection(SolutionProperties) = preSolution
		HideSolutionNode = FALSE
	EndGlobalSection
	GlobalSection(ExtensibilityGlobals) = postSolution
		SolutionGuid = {2A76A809-68E1-4BF0-A876-3383359611F7}
	EndGlobalSection
EndGlobal
